// !$*UTF8*$!
{
	archiveVersion = 1;
	classes = {
	};
	objectVersion = 51;
	objects = {

/* Begin PBXBuildFile section */
		827992AB252CDBB300CCBF71 /* AppDelegate.swift in Sources */ = {isa = PBXBuildFile; fileRef = 827992AA252CDBB300CCBF71 /* AppDelegate.swift */; };
		827992AD252CDBB300CCBF71 /* SceneDelegate.swift in Sources */ = {isa = PBXBuildFile; fileRef = 827992AC252CDBB300CCBF71 /* SceneDelegate.swift */; };
		827992AF252CDBB300CCBF71 /* ReminderViewController.swift in Sources */ = {isa = PBXBuildFile; fileRef = 827992AE252CDBB300CCBF71 /* ReminderViewController.swift */; };
		827992B2252CDBB300CCBF71 /* Main.storyboard in Resources */ = {isa = PBXBuildFile; fileRef = 827992B0252CDBB300CCBF71 /* Main.storyboard */; };
		827992B4252CDBB600CCBF71 /* Assets.xcassets in Resources */ = {isa = PBXBuildFile; fileRef = 827992B3252CDBB600CCBF71 /* Assets.xcassets */; };
		827992B7252CDBB600CCBF71 /* LaunchScreen.storyboard in Resources */ = {isa = PBXBuildFile; fileRef = 827992B5252CDBB600CCBF71 /* LaunchScreen.storyboard */; };
		82B22158252DF0AE0086E6FE /* RemList.swift in Sources */ = {isa = PBXBuildFile; fileRef = 82B22157252DF0AE0086E6FE /* RemList.swift */; };
		82B2215C252DFC730086E6FE /* RemListTableVC.swift in Sources */ = {isa = PBXBuildFile; fileRef = 82B2215B252DFC730086E6FE /* RemListTableVC.swift */; };
		82F7FCB1252CDCB700977790 /* Reminder.swift in Sources */ = {isa = PBXBuildFile; fileRef = 82F7FCB0252CDCB700977790 /* Reminder.swift */; };
		82F7FCC5252CDE0700977790 /* GenericTableViewController.swift in Sources */ = {isa = PBXBuildFile; fileRef = 82F7FCC4252CDE0700977790 /* GenericTableViewController.swift */; };
		FD094513A751C1309B1D3336 /* Pods_Realm_reminders.framework in Frameworks */ = {isa = PBXBuildFile; fileRef = 27C01FEF2AA6243F3E5BB80C /* Pods_Realm_reminders.framework */; };
/* End PBXBuildFile section */

/* Begin PBXFileReference section */
		27C01FEF2AA6243F3E5BB80C /* Pods_Realm_reminders.framework */ = {isa = PBXFileReference; explicitFileType = wrapper.framework; includeInIndex = 0; path = Pods_Realm_reminders.framework; sourceTree = BUILT_PRODUCTS_DIR; };
		827992A7252CDBB300CCBF71 /* Realm reminders.app */ = {isa = PBXFileReference; explicitFileType = wrapper.application; includeInIndex = 0; path = "Realm reminders.app"; sourceTree = BUILT_PRODUCTS_DIR; };
		827992AA252CDBB300CCBF71 /* AppDelegate.swift */ = {isa = PBXFileReference; lastKnownFileType = sourcecode.swift; path = AppDelegate.swift; sourceTree = "<group>"; };
		827992AC252CDBB300CCBF71 /* SceneDelegate.swift */ = {isa = PBXFileReference; lastKnownFileType = sourcecode.swift; path = SceneDelegate.swift; sourceTree = "<group>"; };
		827992AE252CDBB300CCBF71 /* ReminderViewController.swift */ = {isa = PBXFileReference; lastKnownFileType = sourcecode.swift; path = ReminderViewController.swift; sourceTree = "<group>"; };
		827992B1252CDBB300CCBF71 /* Base */ = {isa = PBXFileReference; lastKnownFileType = file.storyboard; name = Base; path = Base.lproj/Main.storyboard; sourceTree = "<group>"; };
		827992B3252CDBB600CCBF71 /* Assets.xcassets */ = {isa = PBXFileReference; lastKnownFileType = folder.assetcatalog; path = Assets.xcassets; sourceTree = "<group>"; };
		827992B6252CDBB600CCBF71 /* Base */ = {isa = PBXFileReference; lastKnownFileType = file.storyboard; name = Base; path = Base.lproj/LaunchScreen.storyboard; sourceTree = "<group>"; };
		827992B8252CDBB600CCBF71 /* Info.plist */ = {isa = PBXFileReference; lastKnownFileType = text.plist.xml; path = Info.plist; sourceTree = "<group>"; };
		82B22157252DF0AE0086E6FE /* RemList.swift */ = {isa = PBXFileReference; lastKnownFileType = sourcecode.swift; path = RemList.swift; sourceTree = "<group>"; };
		82B2215B252DFC730086E6FE /* RemListTableVC.swift */ = {isa = PBXFileReference; lastKnownFileType = sourcecode.swift; path = RemListTableVC.swift; sourceTree = "<group>"; };
		82F7FCB0252CDCB700977790 /* Reminder.swift */ = {isa = PBXFileReference; lastKnownFileType = sourcecode.swift; path = Reminder.swift; sourceTree = "<group>"; };
		82F7FCC4252CDE0700977790 /* GenericTableViewController.swift */ = {isa = PBXFileReference; lastKnownFileType = sourcecode.swift; path = GenericTableViewController.swift; sourceTree = "<group>"; };
		B41406F6446BA4F0762379B2 /* Pods-Realm reminders.debug.xcconfig */ = {isa = PBXFileReference; includeInIndex = 1; lastKnownFileType = text.xcconfig; name = "Pods-Realm reminders.debug.xcconfig"; path = "Target Support Files/Pods-Realm reminders/Pods-Realm reminders.debug.xcconfig"; sourceTree = "<group>"; };
		EFFF34053675E5A1642C0829 /* Pods-Realm reminders.release.xcconfig */ = {isa = PBXFileReference; includeInIndex = 1; lastKnownFileType = text.xcconfig; name = "Pods-Realm reminders.release.xcconfig"; path = "Target Support Files/Pods-Realm reminders/Pods-Realm reminders.release.xcconfig"; sourceTree = "<group>"; };
/* End PBXFileReference section */

/* Begin PBXFrameworksBuildPhase section */
		827992A4252CDBB300CCBF71 /* Frameworks */ = {
			isa = PBXFrameworksBuildPhase;
			buildActionMask = 2147483647;
			files = (
				FD094513A751C1309B1D3336 /* Pods_Realm_reminders.framework in Frameworks */,
			);
			runOnlyForDeploymentPostprocessing = 0;
		};
/* End PBXFrameworksBuildPhase section */

/* Begin PBXGroup section */
		00E7ED068734EEE49096C7B3 /* Frameworks */ = {
			isa = PBXGroup;
			children = (
				27C01FEF2AA6243F3E5BB80C /* Pods_Realm_reminders.framework */,
			);
			name = Frameworks;
			sourceTree = "<group>";
		};
		8279929E252CDBB300CCBF71 = {
			isa = PBXGroup;
			children = (
				827992A9252CDBB300CCBF71 /* Realm reminders */,
				827992A8252CDBB300CCBF71 /* Products */,
				AD6C4EFDB70A286DF93CC215 /* Pods */,
				00E7ED068734EEE49096C7B3 /* Frameworks */,
			);
			sourceTree = "<group>";
		};
		827992A8252CDBB300CCBF71 /* Products */ = {
			isa = PBXGroup;
			children = (
				827992A7252CDBB300CCBF71 /* Realm reminders.app */,
			);
			name = Products;
			sourceTree = "<group>";
		};
		827992A9252CDBB300CCBF71 /* Realm reminders */ = {
			isa = PBXGroup;
			children = (
				82F7FCAF252CDC9F00977790 /* Model */,
				827992BF252CDBC700CCBF71 /* Control */,
				827992BE252CDBC200CCBF71 /* View */,
				827992B3252CDBB600CCBF71 /* Assets.xcassets */,
				827992AA252CDBB300CCBF71 /* AppDelegate.swift */,
				827992AC252CDBB300CCBF71 /* SceneDelegate.swift */,
				827992B5252CDBB600CCBF71 /* LaunchScreen.storyboard */,
				827992B8252CDBB600CCBF71 /* Info.plist */,
			);
			path = "Realm reminders";
			sourceTree = "<group>";
		};
		827992BE252CDBC200CCBF71 /* View */ = {
			isa = PBXGroup;
			children = (
				827992B0252CDBB300CCBF71 /* Main.storyboard */,
			);
			path = View;
			sourceTree = "<group>";
		};
		827992BF252CDBC700CCBF71 /* Control */ = {
			isa = PBXGroup;
			children = (
				82B2215B252DFC730086E6FE /* RemListTableVC.swift */,
				827992AE252CDBB300CCBF71 /* ReminderViewController.swift */,
				82F7FCC4252CDE0700977790 /* GenericTableViewController.swift */,
			);
			path = Control;
			sourceTree = "<group>";
		};
		82F7FCAF252CDC9F00977790 /* Model */ = {
			isa = PBXGroup;
			children = (
				82B22157252DF0AE0086E6FE /* RemList.swift */,
				82F7FCB0252CDCB700977790 /* Reminder.swift */,
			);
			path = Model;
			sourceTree = "<group>";
		};
		AD6C4EFDB70A286DF93CC215 /* Pods */ = {
			isa = PBXGroup;
			children = (
				B41406F6446BA4F0762379B2 /* Pods-Realm reminders.debug.xcconfig */,
				EFFF34053675E5A1642C0829 /* Pods-Realm reminders.release.xcconfig */,
			);
			path = Pods;
			sourceTree = "<group>";
		};
/* End PBXGroup section */

/* Begin PBXNativeTarget section */
		827992A6252CDBB300CCBF71 /* Realm reminders */ = {
			isa = PBXNativeTarget;
			buildConfigurationList = 827992BB252CDBB600CCBF71 /* Build configuration list for PBXNativeTarget "Realm reminders" */;
			buildPhases = (
				4B84AF32E8147F01E51E4D35 /* [CP] Check Pods Manifest.lock */,
				827992A3252CDBB300CCBF71 /* Sources */,
				827992A4252CDBB300CCBF71 /* Frameworks */,
				827992A5252CDBB300CCBF71 /* Resources */,
				CA2400597FA57B13D66FC195 /* [CP] Embed Pods Frameworks */,
			);
			buildRules = (
			);
			dependencies = (
			);
			name = "Realm reminders";
			productName = "Realm reminders";
			productReference = 827992A7252CDBB300CCBF71 /* Realm reminders.app */;
			productType = "com.apple.product-type.application";
		};
/* End PBXNativeTarget section */

/* Begin PBXProject section */
		8279929F252CDBB300CCBF71 /* Project object */ = {
			isa = PBXProject;
			attributes = {
				LastSwiftUpdateCheck = 1200;
				LastUpgradeCheck = 1200;
				TargetAttributes = {
					827992A6252CDBB300CCBF71 = {
						CreatedOnToolsVersion = 12.0;
					};
				};
			};
			buildConfigurationList = 827992A2252CDBB300CCBF71 /* Build configuration list for PBXProject "Realm reminders" */;
			compatibilityVersion = "Xcode 9.3";
			developmentRegion = en;
			hasScannedForEncodings = 0;
			knownRegions = (
				en,
				Base,
			);
			mainGroup = 8279929E252CDBB300CCBF71;
			productRefGroup = 827992A8252CDBB300CCBF71 /* Products */;
			projectDirPath = "";
			projectRoot = "";
			targets = (
				827992A6252CDBB300CCBF71 /* Realm reminders */,
			);
		};
/* End PBXProject section */

/* Begin PBXResourcesBuildPhase section */
		827992A5252CDBB300CCBF71 /* Resources */ = {
			isa = PBXResourcesBuildPhase;
			buildActionMask = 2147483647;
			files = (
				827992B7252CDBB600CCBF71 /* LaunchScreen.storyboard in Resources */,
				827992B4252CDBB600CCBF71 /* Assets.xcassets in Resources */,
				827992B2252CDBB300CCBF71 /* Main.storyboard in Resources */,
			);
			runOnlyForDeploymentPostprocessing = 0;
		};
/* End PBXResourcesBuildPhase section */

/* Begin PBXShellScriptBuildPhase section */
		4B84AF32E8147F01E51E4D35 /* [CP] Check Pods Manifest.lock */ = {
			isa = PBXShellScriptBuildPhase;
			buildActionMask = 2147483647;
			files = (
			);
			inputFileListPaths = (
			);
			inputPaths = (
				"${PODS_PODFILE_DIR_PATH}/Podfile.lock",
				"${PODS_ROOT}/Manifest.lock",
			);
			name = "[CP] Check Pods Manifest.lock";
			outputFileListPaths = (
			);
			outputPaths = (
				"$(DERIVED_FILE_DIR)/Pods-Realm reminders-checkManifestLockResult.txt",
			);
			runOnlyForDeploymentPostprocessing = 0;
			shellPath = /bin/sh;
			shellScript = "diff \"${PODS_PODFILE_DIR_PATH}/Podfile.lock\" \"${PODS_ROOT}/Manifest.lock\" > /dev/null\nif [ $? != 0 ] ; then\n    # print error to STDERR\n    echo \"error: The sandbox is not in sync with the Podfile.lock. Run 'pod install' or update your CocoaPods installation.\" >&2\n    exit 1\nfi\n# This output is used by Xcode 'outputs' to avoid re-running this script phase.\necho \"SUCCESS\" > \"${SCRIPT_OUTPUT_FILE_0}\"\n";
			showEnvVarsInLog = 0;
		};
		CA2400597FA57B13D66FC195 /* [CP] Embed Pods Frameworks */ = {
			isa = PBXShellScriptBuildPhase;
			buildActionMask = 2147483647;
			files = (
			);
			inputFileListPaths = (
				"${PODS_ROOT}/Target Support Files/Pods-Realm reminders/Pods-Realm reminders-frameworks-${CONFIGURATION}-input-files.xcfilelist",
			);
			name = "[CP] Embed Pods Frameworks";
			outputFileListPaths = (
				"${PODS_ROOT}/Target Support Files/Pods-Realm reminders/Pods-Realm reminders-frameworks-${CONFIGURATION}-output-files.xcfilelist",
			);
			runOnlyForDeploymentPostprocessing = 0;
			shellPath = /bin/sh;
			shellScript = "\"${PODS_ROOT}/Target Support Files/Pods-Realm reminders/Pods-Realm reminders-frameworks.sh\"\n";
			showEnvVarsInLog = 0;
		};
/* End PBXShellScriptBuildPhase section */

/* Begin PBXSourcesBuildPhase section */
		827992A3252CDBB300CCBF71 /* Sources */ = {
			isa = PBXSourcesBuildPhase;
			buildActionMask = 2147483647;
			files = (
				82B22158252DF0AE0086E6FE /* RemList.swift in Sources */,
				82F7FCC5252CDE0700977790 /* GenericTableViewController.swift in Sources */,
				827992AF252CDBB300CCBF71 /* ReminderViewController.swift in Sources */,
				827992AB252CDBB300CCBF71 /* AppDelegate.swift in Sources */,
				827992AD252CDBB300CCBF71 /* SceneDelegate.swift in Sources */,
				82B2215C252DFC730086E6FE /* RemListTableVC.swift in Sources */,
				82F7FCB1252CDCB700977790 /* Reminder.swift in Sources */,
			);
			runOnlyForDeploymentPostprocessing = 0;
		};
/* End PBXSourcesBuildPhase section */

/* Begin PBXVariantGroup section */
		827992B0252CDBB300CCBF71 /* Main.storyboard */ = {
			isa = PBXVariantGroup;
			children = (
				827992B1252CDBB300CCBF71 /* Base */,
			);
			name = Main.storyboard;
			sourceTree = "<group>";
		};
		827992B5252CDBB600CCBF71 /* LaunchScreen.storyboard */ = {
			isa = PBXVariantGroup;
			children = (
				827992B6252CDBB600CCBF71 /* Base */,
			);
			name = LaunchScreen.storyboard;
			sourceTree = "<group>";
		};
/* End PBXVariantGroup section */

/* Begin XCBuildConfiguration section */
		827992B9252CDBB600CCBF71 /* Debug */ = {
			isa = XCBuildConfiguration;
			buildSettings = {
				ALWAYS_SEARCH_USER_PATHS = NO;
				CLANG_ANALYZER_NONNULL = YES;
				CLANG_ANALYZER_NUMBER_OBJECT_CONVERSION = YES_AGGRESSIVE;
				CLANG_CXX_LANGUAGE_STANDARD = "gnu++14";
				CLANG_CXX_LIBRARY = "libc++";
				CLANG_ENABLE_MODULES = YES;
				CLANG_ENABLE_OBJC_ARC = YES;
				CLANG_ENABLE_OBJC_WEAK = YES;
				CLANG_WARN_BLOCK_CAPTURE_AUTORELEASING = YES;
				CLANG_WARN_BOOL_CONVERSION = YES;
				CLANG_WARN_COMMA = YES;
				CLANG_WARN_CONSTANT_CONVERSION = YES;
				CLANG_WARN_DEPRECATED_OBJC_IMPLEMENTATIONS = YES;
				CLANG_WARN_DIRECT_OBJC_ISA_USAGE = YES_ERROR;
				CLANG_WARN_DOCUMENTATION_COMMENTS = YES;
				CLANG_WARN_EMPTY_BODY = YES;
				CLANG_WARN_ENUM_CONVERSION = YES;
				CLANG_WARN_INFINITE_RECURSION = YES;
				CLANG_WARN_INT_CONVERSION = YES;
				CLANG_WARN_NON_LITERAL_NULL_CONVERSION = YES;
				CLANG_WARN_OBJC_IMPLICIT_RETAIN_SELF = YES;
				CLANG_WARN_OBJC_LITERAL_CONVERSION = YES;
				CLANG_WARN_OBJC_ROOT_CLASS = YES_ERROR;
				CLANG_WARN_QUOTED_INCLUDE_IN_FRAMEWORK_HEADER = YES;
				CLANG_WARN_RANGE_LOOP_ANALYSIS = YES;
				CLANG_WARN_STRICT_PROTOTYPES = YES;
				CLANG_WARN_SUSPICIOUS_MOVE = YES;
				CLANG_WARN_UNGUARDED_AVAILABILITY = YES_AGGRESSIVE;
				CLANG_WARN_UNREACHABLE_CODE = YES;
				CLANG_WARN__DUPLICATE_METHOD_MATCH = YES;
				COPY_PHASE_STRIP = NO;
				DEBUG_INFORMATION_FORMAT = dwarf;
				ENABLE_STRICT_OBJC_MSGSEND = YES;
				ENABLE_TESTABILITY = YES;
				GCC_C_LANGUAGE_STANDARD = gnu11;
				GCC_DYNAMIC_NO_PIC = NO;
				GCC_NO_COMMON_BLOCKS = YES;
				GCC_OPTIMIZATION_LEVEL = 0;
				GCC_PREPROCESSOR_DEFINITIONS = (
					"DEBUG=1",
					"$(inherited)",
				);
				GCC_WARN_64_TO_32_BIT_CONVERSION = YES;
				GCC_WARN_ABOUT_RETURN_TYPE = YES_ERROR;
				GCC_WARN_UNDECLARED_SELECTOR = YES;
				GCC_WARN_UNINITIALIZED_AUTOS = YES_AGGRESSIVE;
				GCC_WARN_UNUSED_FUNCTION = YES;
				GCC_WARN_UNUSED_VARIABLE = YES;
				IPHONEOS_DEPLOYMENT_TARGET = 14.0;
				MTL_ENABLE_DEBUG_INFO = INCLUDE_SOURCE;
				MTL_FAST_MATH = YES;
				ONLY_ACTIVE_ARCH = YES;
				SDKROOT = iphoneos;
				SWIFT_ACTIVE_COMPILATION_CONDITIONS = DEBUG;
				SWIFT_OPTIMIZATION_LEVEL = "-Onone";
			};
			name = Debug;
		};
		827992BA252CDBB600CCBF71 /* Release */ = {
			isa = XCBuildConfiguration;
			buildSettings = {
				ALWAYS_SEARCH_USER_PATHS = NO;
				CLANG_ANALYZER_NONNULL = YES;
				CLANG_ANALYZER_NUMBER_OBJECT_CONVERSION = YES_AGGRESSIVE;
				CLANG_CXX_LANGUAGE_STANDARD = "gnu++14";
				CLANG_CXX_LIBRARY = "libc++";
				CLANG_ENABLE_MODULES = YES;
				CLANG_ENABLE_OBJC_ARC = YES;
				CLANG_ENABLE_OBJC_WEAK = YES;
				CLANG_WARN_BLOCK_CAPTURE_AUTORELEASING = YES;
				CLANG_WARN_BOOL_CONVERSION = YES;
				CLANG_WARN_COMMA = YES;
				CLANG_WARN_CONSTANT_CONVERSION = YES;
				CLANG_WARN_DEPRECATED_OBJC_IMPLEMENTATIONS = YES;
				CLANG_WARN_DIRECT_OBJC_ISA_USAGE = YES_ERROR;
				CLANG_WARN_DOCUMENTATION_COMMENTS = YES;
				CLANG_WARN_EMPTY_BODY = YES;
				CLANG_WARN_ENUM_CONVERSION = YES;
				CLANG_WARN_INFINITE_RECURSION = YES;
				CLANG_WARN_INT_CONVERSION = YES;
				CLANG_WARN_NON_LITERAL_NULL_CONVERSION = YES;
				CLANG_WARN_OBJC_IMPLICIT_RETAIN_SELF = YES;
				CLANG_WARN_OBJC_LITERAL_CONVERSION = YES;
				CLANG_WARN_OBJC_ROOT_CLASS = YES_ERROR;
				CLANG_WARN_QUOTED_INCLUDE_IN_FRAMEWORK_HEADER = YES;
				CLANG_WARN_RANGE_LOOP_ANALYSIS = YES;
				CLANG_WARN_STRICT_PROTOTYPES = YES;
				CLANG_WARN_SUSPICIOUS_MOVE = YES;
				CLANG_WARN_UNGUARDED_AVAILABILITY = YES_AGGRESSIVE;
				CLANG_WARN_UNREACHABLE_CODE = YES;
				CLANG_WARN__DUPLICATE_METHOD_MATCH = YES;
				COPY_PHASE_STRIP = NO;
				DEBUG_INFORMATION_FORMAT = "dwarf-with-dsym";
				ENABLE_NS_ASSERTIONS = NO;
				ENABLE_STRICT_OBJC_MSGSEND = YES;
				GCC_C_LANGUAGE_STANDARD = gnu11;
				GCC_NO_COMMON_BLOCKS = YES;
				GCC_WARN_64_TO_32_BIT_CONVERSION = YES;
				GCC_WARN_ABOUT_RETURN_TYPE = YES_ERROR;
				GCC_WARN_UNDECLARED_SELECTOR = YES;
				GCC_WARN_UNINITIALIZED_AUTOS = YES_AGGRESSIVE;
				GCC_WARN_UNUSED_FUNCTION = YES;
				GCC_WARN_UNUSED_VARIABLE = YES;
				IPHONEOS_DEPLOYMENT_TARGET = 14.0;
				MTL_ENABLE_DEBUG_INFO = NO;
				MTL_FAST_MATH = YES;
				SDKROOT = iphoneos;
				SWIFT_COMPILATION_MODE = wholemodule;
				SWIFT_OPTIMIZATION_LEVEL = "-O";
				VALIDATE_PRODUCT = YES;
			};
			name = Release;
		};
		827992BC252CDBB600CCBF71 /* Debug */ = {
			isa = XCBuildConfiguration;
			baseConfigurationReference = B41406F6446BA4F0762379B2 /* Pods-Realm reminders.debug.xcconfig */;
			buildSettings = {
				ASSETCATALOG_COMPILER_APPICON_NAME = AppIcon;
				ASSETCATALOG_COMPILER_GLOBAL_ACCENT_COLOR_NAME = AccentColor;
				CODE_SIGN_STYLE = Automatic;
				DEVELOPMENT_TEAM = 8728Y2F6Z4;
				INFOPLIST_FILE = "Realm reminders/Info.plist";
				LD_RUNPATH_SEARCH_PATHS = (
					"$(inherited)",
					"@executable_path/Frameworks",
				);
				PRODUCT_BUNDLE_IDENTIFIER = "com.tymek.realmReminders.Realm-reminders";
				PRODUCT_NAME = "$(TARGET_NAME)";
				SWIFT_VERSION = 5.0;
				TARGETED_DEVICE_FAMILY = "1,2";
			};
			name = Debug;
		};
		827992BD252CDBB600CCBF71 /* Release */ = {
			isa = XCBuildConfiguration;
			baseConfigurationReference = EFFF34053675E5A1642C0829 /* Pods-Realm reminders.release.xcconfig */;
			buildSettings = {
				ASSETCATALOG_COMPILER_APPICON_NAME = AppIcon;
				ASSETCATALOG_COMPILER_GLOBAL_ACCENT_COLOR_NAME = AccentColor;
				CODE_SIGN_STYLE = Automatic;
				DEVELOPMENT_TEAM = 8728Y2F6Z4;
				INFOPLIST_FILE = "Realm reminders/Info.plist";
				LD_RUNPATH_SEARCH_PATHS = (
					"$(inherited)",
					"@executable_path/Frameworks",
				);
				PRODUCT_BUNDLE_IDENTIFIER = "com.tymek.realmReminders.Realm-reminders";
				PRODUCT_NAME = "$(TARGET_NAME)";
				SWIFT_VERSION = 5.0;
				TARGETED_DEVICE_FAMILY = "1,2";
			};
			name = Release;
		};
/* End XCBuildConfiguration section */

/* Begin XCConfigurationList section */
		827992A2252CDBB300CCBF71 /* Build configuration list for PBXProject "Realm reminders" */ = {
			isa = XCConfigurationList;
			buildConfigurations = (
				827992B9252CDBB600CCBF71 /* Debug */,
				827992BA252CDBB600CCBF71 /* Release */,
			);
			defaultConfigurationIsVisible = 0;
			defaultConfigurationName = Release;
		};
		827992BB252CDBB600CCBF71 /* Build configuration list for PBXNativeTarget "Realm reminders" */ = {
			isa = XCConfigurationList;
			buildConfigurations = (
				827992BC252CDBB600CCBF71 /* Debug */,
				827992BD252CDBB600CCBF71 /* Release */,
			);
			defaultConfigurationIsVisible = 0;
			defaultConfigurationName = Release;
		};
/* End XCConfigurationList section */
	};
	rootObject = 8279929F252CDBB300CCBF71 /* Project object */;
}
